
Microsoft Visual Studio Solution File, Format Version 12.00
# Visual Studio Version 16
VisualStudioVersion = 16.0.30717.126
MinimumVisualStudioVersion = 10.0.40219.1
Project("{9A19103F-16F7-4668-BE54-9A1E7A4F7556}") = "SimpleTpa", "SimpleTpa.csproj", "{B420490F-B413-45C3-9ED9-86B904ADAA45}"
EndProject
Global
	GlobalSection(SolutionConfigurationPlatforms) = preSolution
		Debug|Any CPU = Debug|Any CPU
		Release|Any CPU = Release|Any CPU
	EndGlobalSection
	GlobalSection(ProjectConfigurationPlatforms) = postSolution
		{B420490F-B413-45C3-9ED9-86B904ADAA45}.Debug|Any CPU.ActiveCfg = Debug|Any CPU
		{B420490F-B413-45C3-9ED9-86B904ADAA45}.Debug|Any CPU.Build.0 = Debug|Any CPU
		{B420490F-B413-45C3-9ED9-86B904ADAA45}.Release|Any CPU.ActiveCfg = Release|Any CPU
		{B420490F-B413-45C3-9ED9-86B904ADAA45}.Release|Any CPU.Build.0 = Release|Any CPU
	EndGlobalSection
	GlobalSection(SolutionProperties) = preSolution
		HideSolutionNode = FALSE
	EndGlobalSection
	GlobalSection(ExtensibilityGlobals) = postSolution
		SolutionGuid = {D152AFCD-C044-4EB7-97C3-7CBF12AE63FD}
	EndGlobalSection
EndGlobal
